
Microsoft Visual Studio Solution File, Format Version 12.00
# Visual Studio Version 16
VisualStudioVersion = 16.0.31624.102
MinimumVisualStudioVersion = 10.0.40219.1
Project("{9A19103F-16F7-4668-BE54-9A1E7A4F7556}") = "HelloWorld", "HelloWorld\HelloWorld.csproj", "{4C9AC4FA-4C2B-45EE-8EA6-6A4B3F68B42B}"
EndProject
Project("{9A19103F-16F7-4668-BE54-9A1E7A4F7556}") = "Challenge2", "Challenge2\Challenge2.csproj", "{FB753389-32D3-451B-863A-B547F62252CC}"
EndProject
Project("{9A19103F-16F7-4668-BE54-9A1E7A4F7556}") = "ConstantsC", "ConstantsC\ConstantsC.csproj", "{E8E445C5-EC4D-40C7-BD3F-FEE44E83D26B}"
EndProject
Project("{9A19103F-16F7-4668-BE54-9A1E7A4F7556}") = "Methods", "Methods\Methods.csproj", "{4EE09DB0-A01E-476F-AD3D-A743FD62082D}"
EndProject
Project("{9A19103F-16F7-4668-BE54-9A1E7A4F7556}") = "Challenge3", "Challenge3\Challenge3.csproj", "{DE8A8A17-2303-4134-B930-9899B8A708ED}"
EndProject
Project("{9A19103F-16F7-4668-BE54-9A1E7A4F7556}") = "MakingDecisions", "MakingDecisions\MakingDecisions.csproj", "{3205281E-83FE-4C82-B09A-2E44F6A63F0E}"
EndProject
Project("{9A19103F-16F7-4668-BE54-9A1E7A4F7556}") = "Challenge4", "Challenge4\Challenge4.csproj", "{73D7266D-5A0F-43A2-BAEB-715C6D8F1260}"
EndProject
Project("{9A19103F-16F7-4668-BE54-9A1E7A4F7556}") = "Challenge5", "Challenge5\Challenge5.csproj", "{8CEF7A16-7B6A-4406-97A2-3F5C066C67A8}"
EndProject
Project("{9A19103F-16F7-4668-BE54-9A1E7A4F7556}") = "Challenge6", "Challenge6\Challenge6.csproj", "{C115E661-2428-4D5C-A414-5D0E1A73CAF2}"
EndProject
Project("{9A19103F-16F7-4668-BE54-9A1E7A4F7556}") = "Loops", "Loops\Loops.csproj", "{9B37101F-A770-4323-87C8-AB2517A49A6C}"
EndProject
Project("{9A19103F-16F7-4668-BE54-9A1E7A4F7556}") = "Challenge7", "Challenge7\Challenge7.csproj", "{FEE78E47-0D76-4ABD-8A7B-55CDCD730C72}"
EndProject
Project("{9A19103F-16F7-4668-BE54-9A1E7A4F7556}") = "OOP", "OOP\OOP.csproj", "{B328E2CA-F14F-47AE-807E-2030D2DFBCD4}"
EndProject
Project("{9A19103F-16F7-4668-BE54-9A1E7A4F7556}") = "OOPProperties", "OOPProperties\OOPProperties.csproj", "{0C84F825-442E-4242-B2BF-3AEFEF999C54}"
EndProject
Project("{9A19103F-16F7-4668-BE54-9A1E7A4F7556}") = "OOPMembers", "OOPMembers\OOPMembers.csproj", "{7BC911E9-31D1-4543-9D21-6CFEB1A9654E}"
EndProject
Project("{9A19103F-16F7-4668-BE54-9A1E7A4F7556}") = "Arrays", "Arrays\Arrays.csproj", "{FD41A872-B1B8-4072-9ACD-6D70AD0B1AB6}"
EndProject
Project("{9A19103F-16F7-4668-BE54-9A1E7A4F7556}") = "ForeachLoops", "ForeachLoops\ForeachLoops.csproj", "{AE623CF4-B1C2-4131-BC07-941DDDD6D53D}"
EndProject
Project("{9A19103F-16F7-4668-BE54-9A1E7A4F7556}") = "Challenge8", "Challenge8\Challenge8.csproj", "{A41D90E4-DD59-4F45-B6AD-32BEF9DB0333}"
EndProject
Project("{9A19103F-16F7-4668-BE54-9A1E7A4F7556}") = "NestedForLoops", "NestedForLoops\NestedForLoops.csproj", "{DF5E9A58-752E-4226-8C07-96C90B462FE6}"
EndProject
Project("{9A19103F-16F7-4668-BE54-9A1E7A4F7556}") = "Challenge9TTT", "Challenge9TTT\Challenge9TTT.csproj", "{70F97C5A-D779-4441-BE62-7A652A678CE8}"
EndProject
Project("{9A19103F-16F7-4668-BE54-9A1E7A4F7556}") = "JaggedArray", "JaggedArray\JaggedArray.csproj", "{C20BBE69-F2A2-4F09-92E3-B2766E61A23A}"
EndProject
Project("{9A19103F-16F7-4668-BE54-9A1E7A4F7556}") = "Challenge10", "Challenge10\Challenge10.csproj", "{D56F8E91-CAC8-403B-A64A-D3DC3AA378E1}"
EndProject
Project("{9A19103F-16F7-4668-BE54-9A1E7A4F7556}") = "ArraysAsParameters", "ArraysAsParameters\ArraysAsParameters.csproj", "{806C5A82-E5E4-449C-90CC-BEC649924945}"
EndProject
Project("{9A19103F-16F7-4668-BE54-9A1E7A4F7556}") = "Params", "Params\Params.csproj", "{E01EA4FF-BFBE-4B05-ACF2-7794CC043F50}"
EndProject
Project("{9A19103F-16F7-4668-BE54-9A1E7A4F7556}") = "ArrayListCSharp", "ArrayList\ArrayListCSharp.csproj", "{FD3FF3D5-A55D-4254-8B0C-640A63F04A2A}"
EndProject
Project("{9A19103F-16F7-4668-BE54-9A1E7A4F7556}") = "Hashtables", "Hashtables\Hashtables.csproj", "{48E0CD39-8957-4B7A-931F-E688AE74CB9C}"
EndProject
Project("{9A19103F-16F7-4668-BE54-9A1E7A4F7556}") = "Challenge11", "Challenge11\Challenge11.csproj", "{A9DACA11-B114-4011-9BBD-7ECB8A9BDB55}"
EndProject
Project("{9A19103F-16F7-4668-BE54-9A1E7A4F7556}") = "Dictionaries", "Dictionaries\Dictionaries.csproj", "{9A7C7BE2-DB85-4F0D-B687-7DFF6BF8EC9D}"
EndProject
Project("{9A19103F-16F7-4668-BE54-9A1E7A4F7556}") = "Stacks", "Stacks\Stacks.csproj", "{9B824B50-D4F8-4264-A5D2-F9EFFB8A29F2}"
EndProject
Project("{9A19103F-16F7-4668-BE54-9A1E7A4F7556}") = "Queues", "Queues\Queues.csproj", "{64C505F8-53CF-4999-8242-4069C12A5367}"
EndProject
Project("{9A19103F-16F7-4668-BE54-9A1E7A4F7556}") = "Inheritance", "Inheritance\Inheritance.csproj", "{8E9B311F-4612-4DB2-A2BE-24467156CF8A}"
EndProject
Project("{9A19103F-16F7-4668-BE54-9A1E7A4F7556}") = "VirtualOverride", "VirtualOverride\VirtualOverride.csproj", "{C0932B9F-AA66-46BA-956C-D7AEA158B147}"
EndProject
Project("{9A19103F-16F7-4668-BE54-9A1E7A4F7556}") = "Inheritance2", "Inheritance2\Inheritance2.csproj", "{628A85C2-4279-4472-8DB6-6E2855EF45BA}"
EndProject
Project("{9A19103F-16F7-4668-BE54-9A1E7A4F7556}") = "Challenge12", "Challenge12\Challenge12.csproj", "{BA631A47-43B8-4C26-BF17-B38F98B0EB49}"
EndProject
Project("{9A19103F-16F7-4668-BE54-9A1E7A4F7556}") = "Interfaces", "Interfaces\Interfaces.csproj", "{98AED5BC-9728-42D4-9E3B-E734E98470C7}"
EndProject
Project("{9A19103F-16F7-4668-BE54-9A1E7A4F7556}") = "Inheritance3", "Inheritance3\Inheritance3.csproj", "{2F72C12D-A784-45C8-AC07-AFD3B902D28B}"
EndProject
Project("{9A19103F-16F7-4668-BE54-9A1E7A4F7556}") = "IEnumerableAndIEnumerator", "IEnumerableAndIEnumerator\IEnumerableAndIEnumerator.csproj", "{ED3DF8AF-11DB-4454-BB1A-33F024B7491E}"
EndProject
Project("{9A19103F-16F7-4668-BE54-9A1E7A4F7556}") = "IEnumerableExample", "IEnumerableExample\IEnumerableExample.csproj", "{CCCBECD7-4269-4330-805B-0D688E47F2A3}"
EndProject
Project("{9A19103F-16F7-4668-BE54-9A1E7A4F7556}") = "IEnumerableExample2", "IEnumerableExample2\IEnumerableExample2.csproj", "{F852B475-FCC9-42F8-A2A8-835A34D5F5AE}"
EndProject
Project("{9A19103F-16F7-4668-BE54-9A1E7A4F7556}") = "Polymorphism", "Polymorphism\Polymorphism.csproj", "{BC4E6AE9-8920-4E87-A93D-A36661517E80}"
EndProject
Project("{9A19103F-16F7-4668-BE54-9A1E7A4F7556}") = "AbstractClasses", "AbstractClasses\AbstractClasses.csproj", "{2D5B58C4-3537-4C63-8092-864D397884AB}"
EndProject
Project("{9A19103F-16F7-4668-BE54-9A1E7A4F7556}") = "ReadFromAFile", "ReadFromAFile\ReadFromAFile.csproj", "{0CDD0E8E-F9CE-4073-BF30-AF79BB26B4D8}"
EndProject
Project("{9A19103F-16F7-4668-BE54-9A1E7A4F7556}") = "Structs", "Structs\Structs.csproj", "{83D8CE74-32DA-4113-9479-5E4D072D0297}"
EndProject
Project("{9A19103F-16F7-4668-BE54-9A1E7A4F7556}") = "Enums", "Enums\Enums.csproj", "{28A1AF71-7809-4137-94D8-103BC0C5B6BA}"
EndProject
Project("{9A19103F-16F7-4668-BE54-9A1E7A4F7556}") = "Regex", "Regex\Regex.csproj", "{94DBDA88-2A6C-4DD2-B371-62C79855C7B6}"
EndProject
Project("{9A19103F-16F7-4668-BE54-9A1E7A4F7556}") = "DateTime", "DateTime\DateTime.csproj", "{7D42FBAF-1E8C-469E-A965-534BBDF96920}"
EndProject
Project("{9A19103F-16F7-4668-BE54-9A1E7A4F7556}") = "Nullables", "Nullables\Nullables.csproj", "{1995E232-2F8A-4A85-9384-648B2F17E4D9}"
EndProject
Project("{9A19103F-16F7-4668-BE54-9A1E7A4F7556}") = "MainArgsP", "MainArgsP\MainArgsP.csproj", "{764F14CB-675B-4D04-8FE9-6C2A2443BD10}"
EndProject
Project("{9A19103F-16F7-4668-BE54-9A1E7A4F7556}") = "DelegatesDemo", "DelegatesDemo\DelegatesDemo.csproj", "{53112A1C-BE54-4C11-82B6-29F654C551BE}"
EndProject
Project("{FAE04EC0-301F-11D3-BF4B-00C04F79EFBC}") = "EventsAndMulticastDelegates", "EventsAndMulticastDelegates\EventsAndMulticastDelegates.csproj", "{8188D1EA-0138-4679-A969-BF272924BF31}"
EndProject
Global
	GlobalSection(SolutionConfigurationPlatforms) = preSolution
		Debug|Any CPU = Debug|Any CPU
		Release|Any CPU = Release|Any CPU
	EndGlobalSection
	GlobalSection(ProjectConfigurationPlatforms) = postSolution
		{4C9AC4FA-4C2B-45EE-8EA6-6A4B3F68B42B}.Debug|Any CPU.ActiveCfg = Debug|Any CPU
		{4C9AC4FA-4C2B-45EE-8EA6-6A4B3F68B42B}.Debug|Any CPU.Build.0 = Debug|Any CPU
		{4C9AC4FA-4C2B-45EE-8EA6-6A4B3F68B42B}.Release|Any CPU.ActiveCfg = Release|Any CPU
		{4C9AC4FA-4C2B-45EE-8EA6-6A4B3F68B42B}.Release|Any CPU.Build.0 = Release|Any CPU
		{FB753389-32D3-451B-863A-B547F62252CC}.Debug|Any CPU.ActiveCfg = Debug|Any CPU
		{FB753389-32D3-451B-863A-B547F62252CC}.Debug|Any CPU.Build.0 = Debug|Any CPU
		{FB753389-32D3-451B-863A-B547F62252CC}.Release|Any CPU.ActiveCfg = Release|Any CPU
		{FB753389-32D3-451B-863A-B547F62252CC}.Release|Any CPU.Build.0 = Release|Any CPU
		{E8E445C5-EC4D-40C7-BD3F-FEE44E83D26B}.Debug|Any CPU.ActiveCfg = Debug|Any CPU
		{E8E445C5-EC4D-40C7-BD3F-FEE44E83D26B}.Debug|Any CPU.Build.0 = Debug|Any CPU
		{E8E445C5-EC4D-40C7-BD3F-FEE44E83D26B}.Release|Any CPU.ActiveCfg = Release|Any CPU
		{E8E445C5-EC4D-40C7-BD3F-FEE44E83D26B}.Release|Any CPU.Build.0 = Release|Any CPU
		{4EE09DB0-A01E-476F-AD3D-A743FD62082D}.Debug|Any CPU.ActiveCfg = Debug|Any CPU
		{4EE09DB0-A01E-476F-AD3D-A743FD62082D}.Debug|Any CPU.Build.0 = Debug|Any CPU
		{4EE09DB0-A01E-476F-AD3D-A743FD62082D}.Release|Any CPU.ActiveCfg = Release|Any CPU
		{4EE09DB0-A01E-476F-AD3D-A743FD62082D}.Release|Any CPU.Build.0 = Release|Any CPU
		{DE8A8A17-2303-4134-B930-9899B8A708ED}.Debug|Any CPU.ActiveCfg = Debug|Any CPU
		{DE8A8A17-2303-4134-B930-9899B8A708ED}.Debug|Any CPU.Build.0 = Debug|Any CPU
		{DE8A8A17-2303-4134-B930-9899B8A708ED}.Release|Any CPU.ActiveCfg = Release|Any CPU
		{DE8A8A17-2303-4134-B930-9899B8A708ED}.Release|Any CPU.Build.0 = Release|Any CPU
		{3205281E-83FE-4C82-B09A-2E44F6A63F0E}.Debug|Any CPU.ActiveCfg = Debug|Any CPU
		{3205281E-83FE-4C82-B09A-2E44F6A63F0E}.Debug|Any CPU.Build.0 = Debug|Any CPU
		{3205281E-83FE-4C82-B09A-2E44F6A63F0E}.Release|Any CPU.ActiveCfg = Release|Any CPU
		{3205281E-83FE-4C82-B09A-2E44F6A63F0E}.Release|Any CPU.Build.0 = Release|Any CPU
		{73D7266D-5A0F-43A2-BAEB-715C6D8F1260}.Debug|Any CPU.ActiveCfg = Debug|Any CPU
		{73D7266D-5A0F-43A2-BAEB-715C6D8F1260}.Debug|Any CPU.Build.0 = Debug|Any CPU
		{73D7266D-5A0F-43A2-BAEB-715C6D8F1260}.Release|Any CPU.ActiveCfg = Release|Any CPU
		{73D7266D-5A0F-43A2-BAEB-715C6D8F1260}.Release|Any CPU.Build.0 = Release|Any CPU
		{8CEF7A16-7B6A-4406-97A2-3F5C066C67A8}.Debug|Any CPU.ActiveCfg = Debug|Any CPU
		{8CEF7A16-7B6A-4406-97A2-3F5C066C67A8}.Debug|Any CPU.Build.0 = Debug|Any CPU
		{8CEF7A16-7B6A-4406-97A2-3F5C066C67A8}.Release|Any CPU.ActiveCfg = Release|Any CPU
		{8CEF7A16-7B6A-4406-97A2-3F5C066C67A8}.Release|Any CPU.Build.0 = Release|Any CPU
		{C115E661-2428-4D5C-A414-5D0E1A73CAF2}.Debug|Any CPU.ActiveCfg = Debug|Any CPU
		{C115E661-2428-4D5C-A414-5D0E1A73CAF2}.Debug|Any CPU.Build.0 = Debug|Any CPU
		{C115E661-2428-4D5C-A414-5D0E1A73CAF2}.Release|Any CPU.ActiveCfg = Release|Any CPU
		{C115E661-2428-4D5C-A414-5D0E1A73CAF2}.Release|Any CPU.Build.0 = Release|Any CPU
		{9B37101F-A770-4323-87C8-AB2517A49A6C}.Debug|Any CPU.ActiveCfg = Debug|Any CPU
		{9B37101F-A770-4323-87C8-AB2517A49A6C}.Debug|Any CPU.Build.0 = Debug|Any CPU
		{9B37101F-A770-4323-87C8-AB2517A49A6C}.Release|Any CPU.ActiveCfg = Release|Any CPU
		{9B37101F-A770-4323-87C8-AB2517A49A6C}.Release|Any CPU.Build.0 = Release|Any CPU
		{FEE78E47-0D76-4ABD-8A7B-55CDCD730C72}.Debug|Any CPU.ActiveCfg = Debug|Any CPU
		{FEE78E47-0D76-4ABD-8A7B-55CDCD730C72}.Debug|Any CPU.Build.0 = Debug|Any CPU
		{FEE78E47-0D76-4ABD-8A7B-55CDCD730C72}.Release|Any CPU.ActiveCfg = Release|Any CPU
		{FEE78E47-0D76-4ABD-8A7B-55CDCD730C72}.Release|Any CPU.Build.0 = Release|Any CPU
		{B328E2CA-F14F-47AE-807E-2030D2DFBCD4}.Debug|Any CPU.ActiveCfg = Debug|Any CPU
		{B328E2CA-F14F-47AE-807E-2030D2DFBCD4}.Debug|Any CPU.Build.0 = Debug|Any CPU
		{B328E2CA-F14F-47AE-807E-2030D2DFBCD4}.Release|Any CPU.ActiveCfg = Release|Any CPU
		{B328E2CA-F14F-47AE-807E-2030D2DFBCD4}.Release|Any CPU.Build.0 = Release|Any CPU
		{0C84F825-442E-4242-B2BF-3AEFEF999C54}.Debug|Any CPU.ActiveCfg = Debug|Any CPU
		{0C84F825-442E-4242-B2BF-3AEFEF999C54}.Debug|Any CPU.Build.0 = Debug|Any CPU
		{0C84F825-442E-4242-B2BF-3AEFEF999C54}.Release|Any CPU.ActiveCfg = Release|Any CPU
		{0C84F825-442E-4242-B2BF-3AEFEF999C54}.Release|Any CPU.Build.0 = Release|Any CPU
		{7BC911E9-31D1-4543-9D21-6CFEB1A9654E}.Debug|Any CPU.ActiveCfg = Debug|Any CPU
		{7BC911E9-31D1-4543-9D21-6CFEB1A9654E}.Debug|Any CPU.Build.0 = Debug|Any CPU
		{7BC911E9-31D1-4543-9D21-6CFEB1A9654E}.Release|Any CPU.ActiveCfg = Release|Any CPU
		{7BC911E9-31D1-4543-9D21-6CFEB1A9654E}.Release|Any CPU.Build.0 = Release|Any CPU
		{FD41A872-B1B8-4072-9ACD-6D70AD0B1AB6}.Debug|Any CPU.ActiveCfg = Debug|Any CPU
		{FD41A872-B1B8-4072-9ACD-6D70AD0B1AB6}.Debug|Any CPU.Build.0 = Debug|Any CPU
		{FD41A872-B1B8-4072-9ACD-6D70AD0B1AB6}.Release|Any CPU.ActiveCfg = Release|Any CPU
		{FD41A872-B1B8-4072-9ACD-6D70AD0B1AB6}.Release|Any CPU.Build.0 = Release|Any CPU
		{AE623CF4-B1C2-4131-BC07-941DDDD6D53D}.Debug|Any CPU.ActiveCfg = Debug|Any CPU
		{AE623CF4-B1C2-4131-BC07-941DDDD6D53D}.Debug|Any CPU.Build.0 = Debug|Any CPU
		{AE623CF4-B1C2-4131-BC07-941DDDD6D53D}.Release|Any CPU.ActiveCfg = Release|Any CPU
		{AE623CF4-B1C2-4131-BC07-941DDDD6D53D}.Release|Any CPU.Build.0 = Release|Any CPU
		{A41D90E4-DD59-4F45-B6AD-32BEF9DB0333}.Debug|Any CPU.ActiveCfg = Debug|Any CPU
		{A41D90E4-DD59-4F45-B6AD-32BEF9DB0333}.Debug|Any CPU.Build.0 = Debug|Any CPU
		{A41D90E4-DD59-4F45-B6AD-32BEF9DB0333}.Release|Any CPU.ActiveCfg = Release|Any CPU
		{A41D90E4-DD59-4F45-B6AD-32BEF9DB0333}.Release|Any CPU.Build.0 = Release|Any CPU
		{DF5E9A58-752E-4226-8C07-96C90B462FE6}.Debug|Any CPU.ActiveCfg = Debug|Any CPU
		{DF5E9A58-752E-4226-8C07-96C90B462FE6}.Debug|Any CPU.Build.0 = Debug|Any CPU
		{DF5E9A58-752E-4226-8C07-96C90B462FE6}.Release|Any CPU.ActiveCfg = Release|Any CPU
		{DF5E9A58-752E-4226-8C07-96C90B462FE6}.Release|Any CPU.Build.0 = Release|Any CPU
		{70F97C5A-D779-4441-BE62-7A652A678CE8}.Debug|Any CPU.ActiveCfg = Debug|Any CPU
		{70F97C5A-D779-4441-BE62-7A652A678CE8}.Debug|Any CPU.Build.0 = Debug|Any CPU
		{70F97C5A-D779-4441-BE62-7A652A678CE8}.Release|Any CPU.ActiveCfg = Release|Any CPU
		{70F97C5A-D779-4441-BE62-7A652A678CE8}.Release|Any CPU.Build.0 = Release|Any CPU
		{C20BBE69-F2A2-4F09-92E3-B2766E61A23A}.Debug|Any CPU.ActiveCfg = Debug|Any CPU
		{C20BBE69-F2A2-4F09-92E3-B2766E61A23A}.Debug|Any CPU.Build.0 = Debug|Any CPU
		{C20BBE69-F2A2-4F09-92E3-B2766E61A23A}.Release|Any CPU.ActiveCfg = Release|Any CPU
		{C20BBE69-F2A2-4F09-92E3-B2766E61A23A}.Release|Any CPU.Build.0 = Release|Any CPU
		{D56F8E91-CAC8-403B-A64A-D3DC3AA378E1}.Debug|Any CPU.ActiveCfg = Debug|Any CPU
		{D56F8E91-CAC8-403B-A64A-D3DC3AA378E1}.Debug|Any CPU.Build.0 = Debug|Any CPU
		{D56F8E91-CAC8-403B-A64A-D3DC3AA378E1}.Release|Any CPU.ActiveCfg = Release|Any CPU
		{D56F8E91-CAC8-403B-A64A-D3DC3AA378E1}.Release|Any CPU.Build.0 = Release|Any CPU
		{806C5A82-E5E4-449C-90CC-BEC649924945}.Debug|Any CPU.ActiveCfg = Debug|Any CPU
		{806C5A82-E5E4-449C-90CC-BEC649924945}.Debug|Any CPU.Build.0 = Debug|Any CPU
		{806C5A82-E5E4-449C-90CC-BEC649924945}.Release|Any CPU.ActiveCfg = Release|Any CPU
		{806C5A82-E5E4-449C-90CC-BEC649924945}.Release|Any CPU.Build.0 = Release|Any CPU
		{E01EA4FF-BFBE-4B05-ACF2-7794CC043F50}.Debug|Any CPU.ActiveCfg = Debug|Any CPU
		{E01EA4FF-BFBE-4B05-ACF2-7794CC043F50}.Debug|Any CPU.Build.0 = Debug|Any CPU
		{E01EA4FF-BFBE-4B05-ACF2-7794CC043F50}.Release|Any CPU.ActiveCfg = Release|Any CPU
		{E01EA4FF-BFBE-4B05-ACF2-7794CC043F50}.Release|Any CPU.Build.0 = Release|Any CPU
		{FD3FF3D5-A55D-4254-8B0C-640A63F04A2A}.Debug|Any CPU.ActiveCfg = Debug|Any CPU
		{FD3FF3D5-A55D-4254-8B0C-640A63F04A2A}.Debug|Any CPU.Build.0 = Debug|Any CPU
		{FD3FF3D5-A55D-4254-8B0C-640A63F04A2A}.Release|Any CPU.ActiveCfg = Release|Any CPU
		{FD3FF3D5-A55D-4254-8B0C-640A63F04A2A}.Release|Any CPU.Build.0 = Release|Any CPU
		{48E0CD39-8957-4B7A-931F-E688AE74CB9C}.Debug|Any CPU.ActiveCfg = Debug|Any CPU
		{48E0CD39-8957-4B7A-931F-E688AE74CB9C}.Debug|Any CPU.Build.0 = Debug|Any CPU
		{48E0CD39-8957-4B7A-931F-E688AE74CB9C}.Release|Any CPU.ActiveCfg = Release|Any CPU
		{48E0CD39-8957-4B7A-931F-E688AE74CB9C}.Release|Any CPU.Build.0 = Release|Any CPU
		{A9DACA11-B114-4011-9BBD-7ECB8A9BDB55}.Debug|Any CPU.ActiveCfg = Debug|Any CPU
		{A9DACA11-B114-4011-9BBD-7ECB8A9BDB55}.Debug|Any CPU.Build.0 = Debug|Any CPU
		{A9DACA11-B114-4011-9BBD-7ECB8A9BDB55}.Release|Any CPU.ActiveCfg = Release|Any CPU
		{A9DACA11-B114-4011-9BBD-7ECB8A9BDB55}.Release|Any CPU.Build.0 = Release|Any CPU
		{9A7C7BE2-DB85-4F0D-B687-7DFF6BF8EC9D}.Debug|Any CPU.ActiveCfg = Debug|Any CPU
		{9A7C7BE2-DB85-4F0D-B687-7DFF6BF8EC9D}.Debug|Any CPU.Build.0 = Debug|Any CPU
		{9A7C7BE2-DB85-4F0D-B687-7DFF6BF8EC9D}.Release|Any CPU.ActiveCfg = Release|Any CPU
		{9A7C7BE2-DB85-4F0D-B687-7DFF6BF8EC9D}.Release|Any CPU.Build.0 = Release|Any CPU
		{9B824B50-D4F8-4264-A5D2-F9EFFB8A29F2}.Debug|Any CPU.ActiveCfg = Debug|Any CPU
		{9B824B50-D4F8-4264-A5D2-F9EFFB8A29F2}.Debug|Any CPU.Build.0 = Debug|Any CPU
		{9B824B50-D4F8-4264-A5D2-F9EFFB8A29F2}.Release|Any CPU.ActiveCfg = Release|Any CPU
		{9B824B50-D4F8-4264-A5D2-F9EFFB8A29F2}.Release|Any CPU.Build.0 = Release|Any CPU
		{64C505F8-53CF-4999-8242-4069C12A5367}.Debug|Any CPU.ActiveCfg = Debug|Any CPU
		{64C505F8-53CF-4999-8242-4069C12A5367}.Debug|Any CPU.Build.0 = Debug|Any CPU
		{64C505F8-53CF-4999-8242-4069C12A5367}.Release|Any CPU.ActiveCfg = Release|Any CPU
		{64C505F8-53CF-4999-8242-4069C12A5367}.Release|Any CPU.Build.0 = Release|Any CPU
		{8E9B311F-4612-4DB2-A2BE-24467156CF8A}.Debug|Any CPU.ActiveCfg = Debug|Any CPU
		{8E9B311F-4612-4DB2-A2BE-24467156CF8A}.Debug|Any CPU.Build.0 = Debug|Any CPU
		{8E9B311F-4612-4DB2-A2BE-24467156CF8A}.Release|Any CPU.ActiveCfg = Release|Any CPU
		{8E9B311F-4612-4DB2-A2BE-24467156CF8A}.Release|Any CPU.Build.0 = Release|Any CPU
		{C0932B9F-AA66-46BA-956C-D7AEA158B147}.Debug|Any CPU.ActiveCfg = Debug|Any CPU
		{C0932B9F-AA66-46BA-956C-D7AEA158B147}.Debug|Any CPU.Build.0 = Debug|Any CPU
		{C0932B9F-AA66-46BA-956C-D7AEA158B147}.Release|Any CPU.ActiveCfg = Release|Any CPU
		{C0932B9F-AA66-46BA-956C-D7AEA158B147}.Release|Any CPU.Build.0 = Release|Any CPU
		{628A85C2-4279-4472-8DB6-6E2855EF45BA}.Debug|Any CPU.ActiveCfg = Debug|Any CPU
		{628A85C2-4279-4472-8DB6-6E2855EF45BA}.Debug|Any CPU.Build.0 = Debug|Any CPU
		{628A85C2-4279-4472-8DB6-6E2855EF45BA}.Release|Any CPU.ActiveCfg = Release|Any CPU
		{628A85C2-4279-4472-8DB6-6E2855EF45BA}.Release|Any CPU.Build.0 = Release|Any CPU
		{BA631A47-43B8-4C26-BF17-B38F98B0EB49}.Debug|Any CPU.ActiveCfg = Debug|Any CPU
		{BA631A47-43B8-4C26-BF17-B38F98B0EB49}.Debug|Any CPU.Build.0 = Debug|Any CPU
		{BA631A47-43B8-4C26-BF17-B38F98B0EB49}.Release|Any CPU.ActiveCfg = Release|Any CPU
		{BA631A47-43B8-4C26-BF17-B38F98B0EB49}.Release|Any CPU.Build.0 = Release|Any CPU
		{98AED5BC-9728-42D4-9E3B-E734E98470C7}.Debug|Any CPU.ActiveCfg = Debug|Any CPU
		{98AED5BC-9728-42D4-9E3B-E734E98470C7}.Debug|Any CPU.Build.0 = Debug|Any CPU
		{98AED5BC-9728-42D4-9E3B-E734E98470C7}.Release|Any CPU.ActiveCfg = Release|Any CPU
		{98AED5BC-9728-42D4-9E3B-E734E98470C7}.Release|Any CPU.Build.0 = Release|Any CPU
		{2F72C12D-A784-45C8-AC07-AFD3B902D28B}.Debug|Any CPU.ActiveCfg = Debug|Any CPU
		{2F72C12D-A784-45C8-AC07-AFD3B902D28B}.Debug|Any CPU.Build.0 = Debug|Any CPU
		{2F72C12D-A784-45C8-AC07-AFD3B902D28B}.Release|Any CPU.ActiveCfg = Release|Any CPU
		{2F72C12D-A784-45C8-AC07-AFD3B902D28B}.Release|Any CPU.Build.0 = Release|Any CPU
		{ED3DF8AF-11DB-4454-BB1A-33F024B7491E}.Debug|Any CPU.ActiveCfg = Debug|Any CPU
		{ED3DF8AF-11DB-4454-BB1A-33F024B7491E}.Debug|Any CPU.Build.0 = Debug|Any CPU
		{ED3DF8AF-11DB-4454-BB1A-33F024B7491E}.Release|Any CPU.ActiveCfg = Release|Any CPU
		{ED3DF8AF-11DB-4454-BB1A-33F024B7491E}.Release|Any CPU.Build.0 = Release|Any CPU
		{CCCBECD7-4269-4330-805B-0D688E47F2A3}.Debug|Any CPU.ActiveCfg = Debug|Any CPU
		{CCCBECD7-4269-4330-805B-0D688E47F2A3}.Debug|Any CPU.Build.0 = Debug|Any CPU
		{CCCBECD7-4269-4330-805B-0D688E47F2A3}.Release|Any CPU.ActiveCfg = Release|Any CPU
		{CCCBECD7-4269-4330-805B-0D688E47F2A3}.Release|Any CPU.Build.0 = Release|Any CPU
		{F852B475-FCC9-42F8-A2A8-835A34D5F5AE}.Debug|Any CPU.ActiveCfg = Debug|Any CPU
		{F852B475-FCC9-42F8-A2A8-835A34D5F5AE}.Debug|Any CPU.Build.0 = Debug|Any CPU
		{F852B475-FCC9-42F8-A2A8-835A34D5F5AE}.Release|Any CPU.ActiveCfg = Release|Any CPU
		{F852B475-FCC9-42F8-A2A8-835A34D5F5AE}.Release|Any CPU.Build.0 = Release|Any CPU
		{BC4E6AE9-8920-4E87-A93D-A36661517E80}.Debug|Any CPU.ActiveCfg = Debug|Any CPU
		{BC4E6AE9-8920-4E87-A93D-A36661517E80}.Debug|Any CPU.Build.0 = Debug|Any CPU
		{BC4E6AE9-8920-4E87-A93D-A36661517E80}.Release|Any CPU.ActiveCfg = Release|Any CPU
		{BC4E6AE9-8920-4E87-A93D-A36661517E80}.Release|Any CPU.Build.0 = Release|Any CPU
		{2D5B58C4-3537-4C63-8092-864D397884AB}.Debug|Any CPU.ActiveCfg = Debug|Any CPU
		{2D5B58C4-3537-4C63-8092-864D397884AB}.Debug|Any CPU.Build.0 = Debug|Any CPU
		{2D5B58C4-3537-4C63-8092-864D397884AB}.Release|Any CPU.ActiveCfg = Release|Any CPU
		{2D5B58C4-3537-4C63-8092-864D397884AB}.Release|Any CPU.Build.0 = Release|Any CPU
		{0CDD0E8E-F9CE-4073-BF30-AF79BB26B4D8}.Debug|Any CPU.ActiveCfg = Debug|Any CPU
		{0CDD0E8E-F9CE-4073-BF30-AF79BB26B4D8}.Debug|Any CPU.Build.0 = Debug|Any CPU
		{0CDD0E8E-F9CE-4073-BF30-AF79BB26B4D8}.Release|Any CPU.ActiveCfg = Release|Any CPU
		{0CDD0E8E-F9CE-4073-BF30-AF79BB26B4D8}.Release|Any CPU.Build.0 = Release|Any CPU
		{83D8CE74-32DA-4113-9479-5E4D072D0297}.Debug|Any CPU.ActiveCfg = Debug|Any CPU
		{83D8CE74-32DA-4113-9479-5E4D072D0297}.Debug|Any CPU.Build.0 = Debug|Any CPU
		{83D8CE74-32DA-4113-9479-5E4D072D0297}.Release|Any CPU.ActiveCfg = Release|Any CPU
		{83D8CE74-32DA-4113-9479-5E4D072D0297}.Release|Any CPU.Build.0 = Release|Any CPU
		{28A1AF71-7809-4137-94D8-103BC0C5B6BA}.Debug|Any CPU.ActiveCfg = Debug|Any CPU
		{28A1AF71-7809-4137-94D8-103BC0C5B6BA}.Debug|Any CPU.Build.0 = Debug|Any CPU
		{28A1AF71-7809-4137-94D8-103BC0C5B6BA}.Release|Any CPU.ActiveCfg = Release|Any CPU
		{28A1AF71-7809-4137-94D8-103BC0C5B6BA}.Release|Any CPU.Build.0 = Release|Any CPU
		{94DBDA88-2A6C-4DD2-B371-62C79855C7B6}.Debug|Any CPU.ActiveCfg = Debug|Any CPU
		{94DBDA88-2A6C-4DD2-B371-62C79855C7B6}.Debug|Any CPU.Build.0 = Debug|Any CPU
		{94DBDA88-2A6C-4DD2-B371-62C79855C7B6}.Release|Any CPU.ActiveCfg = Release|Any CPU
		{94DBDA88-2A6C-4DD2-B371-62C79855C7B6}.Release|Any CPU.Build.0 = Release|Any CPU
		{7D42FBAF-1E8C-469E-A965-534BBDF96920}.Debug|Any CPU.ActiveCfg = Debug|Any CPU
		{7D42FBAF-1E8C-469E-A965-534BBDF96920}.Debug|Any CPU.Build.0 = Debug|Any CPU
		{7D42FBAF-1E8C-469E-A965-534BBDF96920}.Release|Any CPU.ActiveCfg = Release|Any CPU
		{7D42FBAF-1E8C-469E-A965-534BBDF96920}.Release|Any CPU.Build.0 = Release|Any CPU
		{1995E232-2F8A-4A85-9384-648B2F17E4D9}.Debug|Any CPU.ActiveCfg = Debug|Any CPU
		{1995E232-2F8A-4A85-9384-648B2F17E4D9}.Debug|Any CPU.Build.0 = Debug|Any CPU
		{1995E232-2F8A-4A85-9384-648B2F17E4D9}.Release|Any CPU.ActiveCfg = Release|Any CPU
		{1995E232-2F8A-4A85-9384-648B2F17E4D9}.Release|Any CPU.Build.0 = Release|Any CPU
		{764F14CB-675B-4D04-8FE9-6C2A2443BD10}.Debug|Any CPU.ActiveCfg = Debug|Any CPU
		{764F14CB-675B-4D04-8FE9-6C2A2443BD10}.Debug|Any CPU.Build.0 = Debug|Any CPU
		{764F14CB-675B-4D04-8FE9-6C2A2443BD10}.Release|Any CPU.ActiveCfg = Release|Any CPU
		{764F14CB-675B-4D04-8FE9-6C2A2443BD10}.Release|Any CPU.Build.0 = Release|Any CPU
		{53112A1C-BE54-4C11-82B6-29F654C551BE}.Debug|Any CPU.ActiveCfg = Debug|Any CPU
		{53112A1C-BE54-4C11-82B6-29F654C551BE}.Debug|Any CPU.Build.0 = Debug|Any CPU
		{53112A1C-BE54-4C11-82B6-29F654C551BE}.Release|Any CPU.ActiveCfg = Release|Any CPU
		{53112A1C-BE54-4C11-82B6-29F654C551BE}.Release|Any CPU.Build.0 = Release|Any CPU
		{8188D1EA-0138-4679-A969-BF272924BF31}.Debug|Any CPU.ActiveCfg = Debug|Any CPU
		{8188D1EA-0138-4679-A969-BF272924BF31}.Debug|Any CPU.Build.0 = Debug|Any CPU
		{8188D1EA-0138-4679-A969-BF272924BF31}.Release|Any CPU.ActiveCfg = Release|Any CPU
		{8188D1EA-0138-4679-A969-BF272924BF31}.Release|Any CPU.Build.0 = Release|Any CPU
	EndGlobalSection
	GlobalSection(SolutionProperties) = preSolution
		HideSolutionNode = FALSE
	EndGlobalSection
	GlobalSection(ExtensibilityGlobals) = postSolution
		SolutionGuid = {00EBD392-914E-4694-A2EE-52360CEA8025}
	EndGlobalSection
EndGlobal
